
Microsoft Visual Studio Solution File, Format Version 12.00
# Visual Studio Version 16
VisualStudioVersion = 16.0.31605.320
MinimumVisualStudioVersion = 10.0.40219.1
Project("{FAE04EC0-301F-11D3-BF4B-00C04F79EFBC}") = "27-ExercicioURI-1143 for", "27-ExercicioURI-1143 for\27-ExercicioURI-1143 for.csproj", "{608CE403-DC67-4C12-85B7-CB2202128AE1}"
EndProject
Global
	GlobalSection(SolutionConfigurationPlatforms) = preSolution
		Debug|Any CPU = Debug|Any CPU
		Release|Any CPU = Release|Any CPU
	EndGlobalSection
	GlobalSection(ProjectConfigurationPlatforms) = postSolution
		{608CE403-DC67-4C12-85B7-CB2202128AE1}.Debug|Any CPU.ActiveCfg = Debug|Any CPU
		{608CE403-DC67-4C12-85B7-CB2202128AE1}.Debug|Any CPU.Build.0 = Debug|Any CPU
		{608CE403-DC67-4C12-85B7-CB2202128AE1}.Release|Any CPU.ActiveCfg = Release|Any CPU
		{608CE403-DC67-4C12-85B7-CB2202128AE1}.Release|Any CPU.Build.0 = Release|Any CPU
	EndGlobalSection
	GlobalSection(SolutionProperties) = preSolution
		HideSolutionNode = FALSE
	EndGlobalSection
	GlobalSection(ExtensibilityGlobals) = postSolution
		SolutionGuid = {DD6795FF-9F2E-48E6-BD3B-470E82CAECD1}
	EndGlobalSection
EndGlobal
